{
    "_meta": {
        "hash": {
            "sha256": "c20f3354f97cd441b0b603a94af80b4cb6ff37cd4afba3c61def9a3faa72eb73"
        },
        "pipfile-spec": 6,
        "requires": {
            "python_version": "3.11"
        },
        "sources": [
            {
                "name": "pip_conf_index_global",
                "url": "https://pypi.org/simple",
                "verify_ssl": false
            }
        ]
    },
    "default": {
        "gitdb": {
            "hashes": [
                "sha256:81a3407ddd2ee8df444cbacea00e2d038e40150acfa3001696fe0dcf1d3adfa4",
                "sha256:bf5421126136d6d0af55bc1e7c1af1c397a34f5b7bd79e776cd3e89785c2b04b"
            ],
            "markers": "python_version >= '3.7'",
            "version": "==4.0.11"
        },
        "gitpython": {
            "hashes": [
                "sha256:22b126e9ffb671fdd0c129796343a02bf67bf2994b35449ffc9321aa755e18a4",
                "sha256:cf14627d5a8049ffbf49915732e5eddbe8134c3bdb9d476e6182b676fc573f8a"
            ],
            "index": "pip_conf_index_global",
            "markers": "python_version >= '3.7'",
            "version": "==3.1.40"
        },
        "smmap": {
            "hashes": [
                "sha256:dceeb6c0028fdb6734471eb07c0cd2aae706ccaecab45965ee83f11c8d3b1f62",
                "sha256:e6d8668fa5f93e706934a62d7b4db19c8d9eb8cf2adbb75ef1b675aa332b69da"
            ],
            "markers": "python_version >= '3.7'",
            "version": "==5.0.1"
        },
        "tqdm": {
            "hashes": [
                "sha256:d302b3c5b53d47bce91fea46679d9c3c6508cf6332229aa1e7d8653723793386",
                "sha256:d88e651f9db8d8551a62556d3cff9e3034274ca5d66e93197cf2490e2dcb69c7"
            ],
            "index": "pip_conf_index_global",
            "markers": "python_version >= '3.7'",
            "version": "==4.66.1"
        }
    },
    "develop": {}
}
